<?xml version="1.0" encoding="utf-8"?>
<Project ToolsVersion="4.0" xmlns="http://schemas.microsoft.com/developer/msbuild/2003">
  <ItemGroup>
    <Filter Include="WaveEngine">
      <UniqueIdentifier>{CEDD72A6-BA95-B4F3-239D-8D4F0F744FE4}</UniqueIdentifier>
    </Filter>
  </ItemGroup>
  <ItemGroup>
    <ClInclude Include="source\Wave.h" />
    <ClInclude Include="source\WaveEngine\Application.h">
      <Filter>WaveEngine</Filter>
    </ClInclude>
    <ClInclude Include="source\WaveEngine\Core.h">
      <Filter>WaveEngine</Filter>
    </ClInclude>
    <ClInclude Include="source\WaveEngine\EntryPoint.h">
      <Filter>WaveEngine</Filter>
    </ClInclude>
    <ClInclude Include="source\WaveEngine\Log.h">
      <Filter>WaveEngine</Filter>
    </ClInclude>
    <ClInclude Include="source\WaveEngine\Events\Event.h" />
    <ClInclude Include="source\WaveEngine\Events\KeyEvent.h" />
    <ClInclude Include="source\WaveEngine\Events\MouseEvent.h" />
    <ClInclude Include="source\WaveEngine\Events\ApplicationEvent.h" />
  </ItemGroup>
  <ItemGroup>
    <ClCompile Include="source\WaveEngine\Application.cpp">
      <Filter>WaveEngine</Filter>
    </ClCompile>
    <ClCompile Include="source\WaveEngine\Log.cpp">
      <Filter>WaveEngine</Filter>
    </ClCompile>
  </ItemGroup>
</Project>